// !$*UTF8*$!
{
	archiveVersion = 1;
	classes = {
	};
	objectVersion = 55;
	objects = {

/* Begin PBXBuildFile section */
		54500E6D288ABAB500AD39E9 /* MainViewModel.swift in Sources */ = {isa = PBXBuildFile; fileRef = 54500E6C288ABAB500AD39E9 /* MainViewModel.swift */; };
		547445DD28B3A3C600010850 /* LocationManager.swift in Sources */ = {isa = PBXBuildFile; fileRef = 547445DC28B3A3C600010850 /* LocationManager.swift */; };
		5478B4F32889972600F486C6 /* NetworkManager.swift in Sources */ = {isa = PBXBuildFile; fileRef = 5478B4F22889972500F486C6 /* NetworkManager.swift */; };
		5478B4F52889974000F486C6 /* WeatherStruct.swift in Sources */ = {isa = PBXBuildFile; fileRef = 5478B4F42889974000F486C6 /* WeatherStruct.swift */; };
		54D5AA61287DFD3D005F2F3D /* AppDelegate.swift in Sources */ = {isa = PBXBuildFile; fileRef = 54D5AA60287DFD3D005F2F3D /* AppDelegate.swift */; };
		54D5AA63287DFD3D005F2F3D /* SceneDelegate.swift in Sources */ = {isa = PBXBuildFile; fileRef = 54D5AA62287DFD3D005F2F3D /* SceneDelegate.swift */; };
		54D5AA65287DFD3D005F2F3D /* MainViewController.swift in Sources */ = {isa = PBXBuildFile; fileRef = 54D5AA64287DFD3D005F2F3D /* MainViewController.swift */; };
		54D5AA68287DFD3D005F2F3D /* Main.storyboard in Resources */ = {isa = PBXBuildFile; fileRef = 54D5AA66287DFD3D005F2F3D /* Main.storyboard */; };
		54D5AA6A287DFD3F005F2F3D /* Assets.xcassets in Resources */ = {isa = PBXBuildFile; fileRef = 54D5AA69287DFD3F005F2F3D /* Assets.xcassets */; };
		54D5AA6D287DFD3F005F2F3D /* LaunchScreen.storyboard in Resources */ = {isa = PBXBuildFile; fileRef = 54D5AA6B287DFD3F005F2F3D /* LaunchScreen.storyboard */; };
		856A4281A54FF784C1FCEDBC /* Pods_Fluffy_rain.framework in Frameworks */ = {isa = PBXBuildFile; fileRef = B2DD3415480C8868CEA2E9E7 /* Pods_Fluffy_rain.framework */; };
/* End PBXBuildFile section */

/* Begin PBXFileReference section */
		18B279172AA6BCBF04F90EF2 /* Pods-Fluffy-rain.debug.xcconfig */ = {isa = PBXFileReference; includeInIndex = 1; lastKnownFileType = text.xcconfig; name = "Pods-Fluffy-rain.debug.xcconfig"; path = "Target Support Files/Pods-Fluffy-rain/Pods-Fluffy-rain.debug.xcconfig"; sourceTree = "<group>"; };
		54500E6C288ABAB500AD39E9 /* MainViewModel.swift */ = {isa = PBXFileReference; lastKnownFileType = sourcecode.swift; path = MainViewModel.swift; sourceTree = "<group>"; };
		547445DC28B3A3C600010850 /* LocationManager.swift */ = {isa = PBXFileReference; lastKnownFileType = sourcecode.swift; path = LocationManager.swift; sourceTree = "<group>"; };
		5478B4F22889972500F486C6 /* NetworkManager.swift */ = {isa = PBXFileReference; lastKnownFileType = sourcecode.swift; path = NetworkManager.swift; sourceTree = "<group>"; };
		5478B4F42889974000F486C6 /* WeatherStruct.swift */ = {isa = PBXFileReference; lastKnownFileType = sourcecode.swift; path = WeatherStruct.swift; sourceTree = "<group>"; };
		54D5AA5D287DFD3D005F2F3D /* Fluffy-rain.app */ = {isa = PBXFileReference; explicitFileType = wrapper.application; includeInIndex = 0; path = "Fluffy-rain.app"; sourceTree = BUILT_PRODUCTS_DIR; };
		54D5AA60287DFD3D005F2F3D /* AppDelegate.swift */ = {isa = PBXFileReference; lastKnownFileType = sourcecode.swift; path = AppDelegate.swift; sourceTree = "<group>"; };
		54D5AA62287DFD3D005F2F3D /* SceneDelegate.swift */ = {isa = PBXFileReference; lastKnownFileType = sourcecode.swift; path = SceneDelegate.swift; sourceTree = "<group>"; };
		54D5AA64287DFD3D005F2F3D /* MainViewController.swift */ = {isa = PBXFileReference; lastKnownFileType = sourcecode.swift; path = MainViewController.swift; sourceTree = "<group>"; };
		54D5AA67287DFD3D005F2F3D /* Base */ = {isa = PBXFileReference; lastKnownFileType = file.storyboard; name = Base; path = Base.lproj/Main.storyboard; sourceTree = "<group>"; };
		54D5AA69287DFD3F005F2F3D /* Assets.xcassets */ = {isa = PBXFileReference; lastKnownFileType = folder.assetcatalog; path = Assets.xcassets; sourceTree = "<group>"; };
		54D5AA6C287DFD3F005F2F3D /* Base */ = {isa = PBXFileReference; lastKnownFileType = file.storyboard; name = Base; path = Base.lproj/LaunchScreen.storyboard; sourceTree = "<group>"; };
		54D5AA6E287DFD3F005F2F3D /* Info.plist */ = {isa = PBXFileReference; lastKnownFileType = text.plist.xml; path = Info.plist; sourceTree = "<group>"; };
		B2DD3415480C8868CEA2E9E7 /* Pods_Fluffy_rain.framework */ = {isa = PBXFileReference; explicitFileType = wrapper.framework; includeInIndex = 0; path = Pods_Fluffy_rain.framework; sourceTree = BUILT_PRODUCTS_DIR; };
		B38507318E69861F8653104C /* Pods-Fluffy-rain.release.xcconfig */ = {isa = PBXFileReference; includeInIndex = 1; lastKnownFileType = text.xcconfig; name = "Pods-Fluffy-rain.release.xcconfig"; path = "Target Support Files/Pods-Fluffy-rain/Pods-Fluffy-rain.release.xcconfig"; sourceTree = "<group>"; };
/* End PBXFileReference section */

/* Begin PBXFrameworksBuildPhase section */
		54D5AA5A287DFD3D005F2F3D /* Frameworks */ = {
			isa = PBXFrameworksBuildPhase;
			buildActionMask = 2147483647;
			files = (
				856A4281A54FF784C1FCEDBC /* Pods_Fluffy_rain.framework in Frameworks */,
			);
			runOnlyForDeploymentPostprocessing = 0;
		};
/* End PBXFrameworksBuildPhase section */

/* Begin PBXGroup section */
		08848EBB60DC3201F26D8ADA /* Pods */ = {
			isa = PBXGroup;
			children = (
				18B279172AA6BCBF04F90EF2 /* Pods-Fluffy-rain.debug.xcconfig */,
				B38507318E69861F8653104C /* Pods-Fluffy-rain.release.xcconfig */,
			);
			path = Pods;
			sourceTree = "<group>";
		};
		54500E6A288ABA9700AD39E9 /* View */ = {
			isa = PBXGroup;
			children = (
				54D5AA64287DFD3D005F2F3D /* MainViewController.swift */,
			);
			path = View;
			sourceTree = "<group>";
		};
		54500E6B288ABA9E00AD39E9 /* ViewModel */ = {
			isa = PBXGroup;
			children = (
				54500E6C288ABAB500AD39E9 /* MainViewModel.swift */,
			);
			path = ViewModel;
			sourceTree = "<group>";
		};
		5478B4F62889974600F486C6 /* Model */ = {
			isa = PBXGroup;
			children = (
				5478B4F42889974000F486C6 /* WeatherStruct.swift */,
			);
			path = Model;
			sourceTree = "<group>";
		};
		5478B4F72889974E00F486C6 /* Services */ = {
			isa = PBXGroup;
			children = (
				5478B4F22889972500F486C6 /* NetworkManager.swift */,
				547445DC28B3A3C600010850 /* LocationManager.swift */,
			);
			path = Services;
			sourceTree = "<group>";
		};
		54D5AA54287DFD3D005F2F3D = {
			isa = PBXGroup;
			children = (
				54D5AA5F287DFD3D005F2F3D /* Fluffy-rain */,
				54D5AA5E287DFD3D005F2F3D /* Products */,
				08848EBB60DC3201F26D8ADA /* Pods */,
				C7ECE70D57F7116A49317B61 /* Frameworks */,
			);
			sourceTree = "<group>";
		};
		54D5AA5E287DFD3D005F2F3D /* Products */ = {
			isa = PBXGroup;
			children = (
				54D5AA5D287DFD3D005F2F3D /* Fluffy-rain.app */,
			);
			name = Products;
			sourceTree = "<group>";
		};
		54D5AA5F287DFD3D005F2F3D /* Fluffy-rain */ = {
			isa = PBXGroup;
			children = (
				54D5AA60287DFD3D005F2F3D /* AppDelegate.swift */,
				54D5AA62287DFD3D005F2F3D /* SceneDelegate.swift */,
				54500E6A288ABA9700AD39E9 /* View */,
				54500E6B288ABA9E00AD39E9 /* ViewModel */,
				5478B4F62889974600F486C6 /* Model */,
				5478B4F72889974E00F486C6 /* Services */,
				54D5AA66287DFD3D005F2F3D /* Main.storyboard */,
				54D5AA69287DFD3F005F2F3D /* Assets.xcassets */,
				54D5AA6B287DFD3F005F2F3D /* LaunchScreen.storyboard */,
				54D5AA6E287DFD3F005F2F3D /* Info.plist */,
			);
			path = "Fluffy-rain";
			sourceTree = "<group>";
		};
		C7ECE70D57F7116A49317B61 /* Frameworks */ = {
			isa = PBXGroup;
			children = (
				B2DD3415480C8868CEA2E9E7 /* Pods_Fluffy_rain.framework */,
			);
			name = Frameworks;
			sourceTree = "<group>";
		};
/* End PBXGroup section */

/* Begin PBXNativeTarget section */
		54D5AA5C287DFD3D005F2F3D /* Fluffy-rain */ = {
			isa = PBXNativeTarget;
			buildConfigurationList = 54D5AA71287DFD3F005F2F3D /* Build configuration list for PBXNativeTarget "Fluffy-rain" */;
			buildPhases = (
				61FFC117C4E1419E9B048CC0 /* [CP] Check Pods Manifest.lock */,
				54D5AA59287DFD3D005F2F3D /* Sources */,
				54D5AA5A287DFD3D005F2F3D /* Frameworks */,
				54D5AA5B287DFD3D005F2F3D /* Resources */,
				AE92D7BB92E6DBD0F74D5E7A /* [CP] Embed Pods Frameworks */,
			);
			buildRules = (
			);
			dependencies = (
			);
			name = "Fluffy-rain";
			productName = "Fluffy-rain";
			productReference = 54D5AA5D287DFD3D005F2F3D /* Fluffy-rain.app */;
			productType = "com.apple.product-type.application";
		};
/* End PBXNativeTarget section */

/* Begin PBXProject section */
		54D5AA55287DFD3D005F2F3D /* Project object */ = {
			isa = PBXProject;
			attributes = {
				BuildIndependentTargetsInParallel = 1;
				LastSwiftUpdateCheck = 1330;
				LastUpgradeCheck = 1330;
				TargetAttributes = {
					54D5AA5C287DFD3D005F2F3D = {
						CreatedOnToolsVersion = 13.3.1;
					};
				};
			};
			buildConfigurationList = 54D5AA58287DFD3D005F2F3D /* Build configuration list for PBXProject "Fluffy-rain" */;
			compatibilityVersion = "Xcode 13.0";
			developmentRegion = en;
			hasScannedForEncodings = 0;
			knownRegions = (
				en,
				Base,
			);
			mainGroup = 54D5AA54287DFD3D005F2F3D;
			productRefGroup = 54D5AA5E287DFD3D005F2F3D /* Products */;
			projectDirPath = "";
			projectRoot = "";
			targets = (
				54D5AA5C287DFD3D005F2F3D /* Fluffy-rain */,
			);
		};
/* End PBXProject section */

/* Begin PBXResourcesBuildPhase section */
		54D5AA5B287DFD3D005F2F3D /* Resources */ = {
			isa = PBXResourcesBuildPhase;
			buildActionMask = 2147483647;
			files = (
				54D5AA6D287DFD3F005F2F3D /* LaunchScreen.storyboard in Resources */,
				54D5AA6A287DFD3F005F2F3D /* Assets.xcassets in Resources */,
				54D5AA68287DFD3D005F2F3D /* Main.storyboard in Resources */,
			);
			runOnlyForDeploymentPostprocessing = 0;
		};
/* End PBXResourcesBuildPhase section */

/* Begin PBXShellScriptBuildPhase section */
		61FFC117C4E1419E9B048CC0 /* [CP] Check Pods Manifest.lock */ = {
			isa = PBXShellScriptBuildPhase;
			buildActionMask = 2147483647;
			files = (
			);
			inputFileListPaths = (
			);
			inputPaths = (
				"${PODS_PODFILE_DIR_PATH}/Podfile.lock",
				"${PODS_ROOT}/Manifest.lock",
			);
			name = "[CP] Check Pods Manifest.lock";
			outputFileListPaths = (
			);
			outputPaths = (
				"$(DERIVED_FILE_DIR)/Pods-Fluffy-rain-checkManifestLockResult.txt",
			);
			runOnlyForDeploymentPostprocessing = 0;
			shellPath = /bin/sh;
			shellScript = "diff \"${PODS_PODFILE_DIR_PATH}/Podfile.lock\" \"${PODS_ROOT}/Manifest.lock\" > /dev/null\nif [ $? != 0 ] ; then\n    # print error to STDERR\n    echo \"error: The sandbox is not in sync with the Podfile.lock. Run 'pod install' or update your CocoaPods installation.\" >&2\n    exit 1\nfi\n# This output is used by Xcode 'outputs' to avoid re-running this script phase.\necho \"SUCCESS\" > \"${SCRIPT_OUTPUT_FILE_0}\"\n";
			showEnvVarsInLog = 0;
		};
		AE92D7BB92E6DBD0F74D5E7A /* [CP] Embed Pods Frameworks */ = {
			isa = PBXShellScriptBuildPhase;
			buildActionMask = 2147483647;
			files = (
			);
			inputFileListPaths = (
				"${PODS_ROOT}/Target Support Files/Pods-Fluffy-rain/Pods-Fluffy-rain-frameworks-${CONFIGURATION}-input-files.xcfilelist",
			);
			name = "[CP] Embed Pods Frameworks";
			outputFileListPaths = (
				"${PODS_ROOT}/Target Support Files/Pods-Fluffy-rain/Pods-Fluffy-rain-frameworks-${CONFIGURATION}-output-files.xcfilelist",
			);
			runOnlyForDeploymentPostprocessing = 0;
			shellPath = /bin/sh;
			shellScript = "\"${PODS_ROOT}/Target Support Files/Pods-Fluffy-rain/Pods-Fluffy-rain-frameworks.sh\"\n";
			showEnvVarsInLog = 0;
		};
/* End PBXShellScriptBuildPhase section */

/* Begin PBXSourcesBuildPhase section */
		54D5AA59287DFD3D005F2F3D /* Sources */ = {
			isa = PBXSourcesBuildPhase;
			buildActionMask = 2147483647;
			files = (
				5478B4F32889972600F486C6 /* NetworkManager.swift in Sources */,
				54D5AA65287DFD3D005F2F3D /* MainViewController.swift in Sources */,
				54D5AA61287DFD3D005F2F3D /* AppDelegate.swift in Sources */,
				5478B4F52889974000F486C6 /* WeatherStruct.swift in Sources */,
				547445DD28B3A3C600010850 /* LocationManager.swift in Sources */,
				54500E6D288ABAB500AD39E9 /* MainViewModel.swift in Sources */,
				54D5AA63287DFD3D005F2F3D /* SceneDelegate.swift in Sources */,
			);
			runOnlyForDeploymentPostprocessing = 0;
		};
/* End PBXSourcesBuildPhase section */

/* Begin PBXVariantGroup section */
		54D5AA66287DFD3D005F2F3D /* Main.storyboard */ = {
			isa = PBXVariantGroup;
			children = (
				54D5AA67287DFD3D005F2F3D /* Base */,
			);
			name = Main.storyboard;
			sourceTree = "<group>";
		};
		54D5AA6B287DFD3F005F2F3D /* LaunchScreen.storyboard */ = {
			isa = PBXVariantGroup;
			children = (
				54D5AA6C287DFD3F005F2F3D /* Base */,
			);
			name = LaunchScreen.storyboard;
			sourceTree = "<group>";
		};
/* End PBXVariantGroup section */

/* Begin XCBuildConfiguration section */
		54D5AA6F287DFD3F005F2F3D /* Debug */ = {
			isa = XCBuildConfiguration;
			buildSettings = {
				ALWAYS_SEARCH_USER_PATHS = NO;
				CLANG_ANALYZER_NONNULL = YES;
				CLANG_ANALYZER_NUMBER_OBJECT_CONVERSION = YES_AGGRESSIVE;
				CLANG_CXX_LANGUAGE_STANDARD = "gnu++17";
				CLANG_ENABLE_MODULES = YES;
				CLANG_ENABLE_OBJC_ARC = YES;
				CLANG_ENABLE_OBJC_WEAK = YES;
				CLANG_WARN_BLOCK_CAPTURE_AUTORELEASING = YES;
				CLANG_WARN_BOOL_CONVERSION = YES;
				CLANG_WARN_COMMA = YES;
				CLANG_WARN_CONSTANT_CONVERSION = YES;
				CLANG_WARN_DEPRECATED_OBJC_IMPLEMENTATIONS = YES;
				CLANG_WARN_DIRECT_OBJC_ISA_USAGE = YES_ERROR;
				CLANG_WARN_DOCUMENTATION_COMMENTS = YES;
				CLANG_WARN_EMPTY_BODY = YES;
				CLANG_WARN_ENUM_CONVERSION = YES;
				CLANG_WARN_INFINITE_RECURSION = YES;
				CLANG_WARN_INT_CONVERSION = YES;
				CLANG_WARN_NON_LITERAL_NULL_CONVERSION = YES;
				CLANG_WARN_OBJC_IMPLICIT_RETAIN_SELF = YES;
				CLANG_WARN_OBJC_LITERAL_CONVERSION = YES;
				CLANG_WARN_OBJC_ROOT_CLASS = YES_ERROR;
				CLANG_WARN_QUOTED_INCLUDE_IN_FRAMEWORK_HEADER = YES;
				CLANG_WARN_RANGE_LOOP_ANALYSIS = YES;
				CLANG_WARN_STRICT_PROTOTYPES = YES;
				CLANG_WARN_SUSPICIOUS_MOVE = YES;
				CLANG_WARN_UNGUARDED_AVAILABILITY = YES_AGGRESSIVE;
				CLANG_WARN_UNREACHABLE_CODE = YES;
				CLANG_WARN__DUPLICATE_METHOD_MATCH = YES;
				COPY_PHASE_STRIP = NO;
				DEBUG_INFORMATION_FORMAT = dwarf;
				ENABLE_STRICT_OBJC_MSGSEND = YES;
				ENABLE_TESTABILITY = YES;
				GCC_C_LANGUAGE_STANDARD = gnu11;
				GCC_DYNAMIC_NO_PIC = NO;
				GCC_NO_COMMON_BLOCKS = YES;
				GCC_OPTIMIZATION_LEVEL = 0;
				GCC_PREPROCESSOR_DEFINITIONS = (
					"DEBUG=1",
					"$(inherited)",
				);
				GCC_WARN_64_TO_32_BIT_CONVERSION = YES;
				GCC_WARN_ABOUT_RETURN_TYPE = YES_ERROR;
				GCC_WARN_UNDECLARED_SELECTOR = YES;
				GCC_WARN_UNINITIALIZED_AUTOS = YES_AGGRESSIVE;
				GCC_WARN_UNUSED_FUNCTION = YES;
				GCC_WARN_UNUSED_VARIABLE = YES;
				IPHONEOS_DEPLOYMENT_TARGET = 13.0;
				MTL_ENABLE_DEBUG_INFO = INCLUDE_SOURCE;
				MTL_FAST_MATH = YES;
				ONLY_ACTIVE_ARCH = YES;
				SDKROOT = iphoneos;
				SWIFT_ACTIVE_COMPILATION_CONDITIONS = DEBUG;
				SWIFT_OPTIMIZATION_LEVEL = "-Onone";
			};
			name = Debug;
		};
		54D5AA70287DFD3F005F2F3D /* Release */ = {
			isa = XCBuildConfiguration;
			buildSettings = {
				ALWAYS_SEARCH_USER_PATHS = NO;
				CLANG_ANALYZER_NONNULL = YES;
				CLANG_ANALYZER_NUMBER_OBJECT_CONVERSION = YES_AGGRESSIVE;
				CLANG_CXX_LANGUAGE_STANDARD = "gnu++17";
				CLANG_ENABLE_MODULES = YES;
				CLANG_ENABLE_OBJC_ARC = YES;
				CLANG_ENABLE_OBJC_WEAK = YES;
				CLANG_WARN_BLOCK_CAPTURE_AUTORELEASING = YES;
				CLANG_WARN_BOOL_CONVERSION = YES;
				CLANG_WARN_COMMA = YES;
				CLANG_WARN_CONSTANT_CONVERSION = YES;
				CLANG_WARN_DEPRECATED_OBJC_IMPLEMENTATIONS = YES;
				CLANG_WARN_DIRECT_OBJC_ISA_USAGE = YES_ERROR;
				CLANG_WARN_DOCUMENTATION_COMMENTS = YES;
				CLANG_WARN_EMPTY_BODY = YES;
				CLANG_WARN_ENUM_CONVERSION = YES;
				CLANG_WARN_INFINITE_RECURSION = YES;
				CLANG_WARN_INT_CONVERSION = YES;
				CLANG_WARN_NON_LITERAL_NULL_CONVERSION = YES;
				CLANG_WARN_OBJC_IMPLICIT_RETAIN_SELF = YES;
				CLANG_WARN_OBJC_LITERAL_CONVERSION = YES;
				CLANG_WARN_OBJC_ROOT_CLASS = YES_ERROR;
				CLANG_WARN_QUOTED_INCLUDE_IN_FRAMEWORK_HEADER = YES;
				CLANG_WARN_RANGE_LOOP_ANALYSIS = YES;
				CLANG_WARN_STRICT_PROTOTYPES = YES;
				CLANG_WARN_SUSPICIOUS_MOVE = YES;
				CLANG_WARN_UNGUARDED_AVAILABILITY = YES_AGGRESSIVE;
				CLANG_WARN_UNREACHABLE_CODE = YES;
				CLANG_WARN__DUPLICATE_METHOD_MATCH = YES;
				COPY_PHASE_STRIP = NO;
				DEBUG_INFORMATION_FORMAT = "dwarf-with-dsym";
				ENABLE_NS_ASSERTIONS = NO;
				ENABLE_STRICT_OBJC_MSGSEND = YES;
				GCC_C_LANGUAGE_STANDARD = gnu11;
				GCC_NO_COMMON_BLOCKS = YES;
				GCC_WARN_64_TO_32_BIT_CONVERSION = YES;
				GCC_WARN_ABOUT_RETURN_TYPE = YES_ERROR;
				GCC_WARN_UNDECLARED_SELECTOR = YES;
				GCC_WARN_UNINITIALIZED_AUTOS = YES_AGGRESSIVE;
				GCC_WARN_UNUSED_FUNCTION = YES;
				GCC_WARN_UNUSED_VARIABLE = YES;
				IPHONEOS_DEPLOYMENT_TARGET = 13.0;
				MTL_ENABLE_DEBUG_INFO = NO;
				MTL_FAST_MATH = YES;
				SDKROOT = iphoneos;
				SWIFT_COMPILATION_MODE = wholemodule;
				SWIFT_OPTIMIZATION_LEVEL = "-O";
				VALIDATE_PRODUCT = YES;
			};
			name = Release;
		};
		54D5AA72287DFD3F005F2F3D /* Debug */ = {
			isa = XCBuildConfiguration;
			baseConfigurationReference = 18B279172AA6BCBF04F90EF2 /* Pods-Fluffy-rain.debug.xcconfig */;
			buildSettings = {
				ASSETCATALOG_COMPILER_APPICON_NAME = AppIcon;
				ASSETCATALOG_COMPILER_GLOBAL_ACCENT_COLOR_NAME = AccentColor;
				CODE_SIGN_STYLE = Automatic;
				CURRENT_PROJECT_VERSION = 1;
				DEVELOPMENT_TEAM = Y5526YUP8K;
				GENERATE_INFOPLIST_FILE = YES;
				INFOPLIST_FILE = "Fluffy-rain/Info.plist";
				INFOPLIST_KEY_NSLocationAlwaysAndWhenInUseUsageDescription = "Please allow location access for use app.";
				INFOPLIST_KEY_NSLocationWhenInUseUsageDescription = "Please allow location access for use app.";
				INFOPLIST_KEY_UIApplicationSupportsIndirectInputEvents = YES;
				INFOPLIST_KEY_UILaunchStoryboardName = LaunchScreen;
				INFOPLIST_KEY_UIMainStoryboardFile = Main;
				INFOPLIST_KEY_UISupportedInterfaceOrientations_iPad = "UIInterfaceOrientationPortrait UIInterfaceOrientationPortraitUpsideDown UIInterfaceOrientationLandscapeLeft UIInterfaceOrientationLandscapeRight";
				INFOPLIST_KEY_UISupportedInterfaceOrientations_iPhone = "UIInterfaceOrientationPortrait UIInterfaceOrientationLandscapeLeft UIInterfaceOrientationLandscapeRight";
				IPHONEOS_DEPLOYMENT_TARGET = 13.0;
				LD_RUNPATH_SEARCH_PATHS = (
					"$(inherited)",
					"@executable_path/Frameworks",
				);
				MARKETING_VERSION = 1.0;
				PRODUCT_BUNDLE_IDENTIFIER = "none.Fluffy-rain";
				PRODUCT_NAME = "$(TARGET_NAME)";
				SWIFT_EMIT_LOC_STRINGS = YES;
				SWIFT_VERSION = 5.0;
				TARGETED_DEVICE_FAMILY = "1,2";
			};
			name = Debug;
		};
		54D5AA73287DFD3F005F2F3D /* Release */ = {
			isa = XCBuildConfiguration;
			baseConfigurationReference = B38507318E69861F8653104C /* Pods-Fluffy-rain.release.xcconfig */;
			buildSettings = {
				ASSETCATALOG_COMPILER_APPICON_NAME = AppIcon;
				ASSETCATALOG_COMPILER_GLOBAL_ACCENT_COLOR_NAME = AccentColor;
				CODE_SIGN_STYLE = Automatic;
				CURRENT_PROJECT_VERSION = 1;
				DEVELOPMENT_TEAM = Y5526YUP8K;
				GENERATE_INFOPLIST_FILE = YES;
				INFOPLIST_FILE = "Fluffy-rain/Info.plist";
				INFOPLIST_KEY_NSLocationAlwaysAndWhenInUseUsageDescription = "Please allow location access for use app.";
				INFOPLIST_KEY_NSLocationWhenInUseUsageDescription = "Please allow location access for use app.";
				INFOPLIST_KEY_UIApplicationSupportsIndirectInputEvents = YES;
				INFOPLIST_KEY_UILaunchStoryboardName = LaunchScreen;
				INFOPLIST_KEY_UIMainStoryboardFile = Main;
				INFOPLIST_KEY_UISupportedInterfaceOrientations_iPad = "UIInterfaceOrientationPortrait UIInterfaceOrientationPortraitUpsideDown UIInterfaceOrientationLandscapeLeft UIInterfaceOrientationLandscapeRight";
				INFOPLIST_KEY_UISupportedInterfaceOrientations_iPhone = "UIInterfaceOrientationPortrait UIInterfaceOrientationLandscapeLeft UIInterfaceOrientationLandscapeRight";
				IPHONEOS_DEPLOYMENT_TARGET = 13.0;
				LD_RUNPATH_SEARCH_PATHS = (
					"$(inherited)",
					"@executable_path/Frameworks",
				);
				MARKETING_VERSION = 1.0;
				PRODUCT_BUNDLE_IDENTIFIER = "none.Fluffy-rain";
				PRODUCT_NAME = "$(TARGET_NAME)";
				SWIFT_EMIT_LOC_STRINGS = YES;
				SWIFT_VERSION = 5.0;
				TARGETED_DEVICE_FAMILY = "1,2";
			};
			name = Release;
		};
/* End XCBuildConfiguration section */

/* Begin XCConfigurationList section */
		54D5AA58287DFD3D005F2F3D /* Build configuration list for PBXProject "Fluffy-rain" */ = {
			isa = XCConfigurationList;
			buildConfigurations = (
				54D5AA6F287DFD3F005F2F3D /* Debug */,
				54D5AA70287DFD3F005F2F3D /* Release */,
			);
			defaultConfigurationIsVisible = 0;
			defaultConfigurationName = Release;
		};
		54D5AA71287DFD3F005F2F3D /* Build configuration list for PBXNativeTarget "Fluffy-rain" */ = {
			isa = XCConfigurationList;
			buildConfigurations = (
				54D5AA72287DFD3F005F2F3D /* Debug */,
				54D5AA73287DFD3F005F2F3D /* Release */,
			);
			defaultConfigurationIsVisible = 0;
			defaultConfigurationName = Release;
		};
/* End XCConfigurationList section */
	};
	rootObject = 54D5AA55287DFD3D005F2F3D /* Project object */;
}
